
Microsoft Visual Studio Solution File, Format Version 12.00
# Visual Studio 15
VisualStudioVersion = 15.0.28307.421
MinimumVisualStudioVersion = 10.0.40219.1
Project("{FAE04EC0-301F-11D3-BF4B-00C04F79EFBC}") = "lab2", "lab2\lab2.csproj", "{A04BE815-69FD-4862-8865-C4F913F17CAC}"
EndProject
Global
	GlobalSection(SolutionConfigurationPlatforms) = preSolution
		Debug|Any CPU = Debug|Any CPU
		Release|Any CPU = Release|Any CPU
	EndGlobalSection
	GlobalSection(ProjectConfigurationPlatforms) = postSolution
		{A04BE815-69FD-4862-8865-C4F913F17CAC}.Debug|Any CPU.ActiveCfg = Debug|Any CPU
		{A04BE815-69FD-4862-8865-C4F913F17CAC}.Debug|Any CPU.Build.0 = Debug|Any CPU
		{A04BE815-69FD-4862-8865-C4F913F17CAC}.Release|Any CPU.ActiveCfg = Release|Any CPU
		{A04BE815-69FD-4862-8865-C4F913F17CAC}.Release|Any CPU.Build.0 = Release|Any CPU
	EndGlobalSection
	GlobalSection(SolutionProperties) = preSolution
		HideSolutionNode = FALSE
	EndGlobalSection
	GlobalSection(ExtensibilityGlobals) = postSolution
		SolutionGuid = {A66DB2D5-51C7-4864-A235-A9B3933B478F}
	EndGlobalSection
EndGlobal
